30284
/Users/danbar/Library/Java/JavaVirtualMachines/corretto-17.0.13/Contents/Home/bin/java -agentlib:jdwp=transport=dt_socket,address=127.0.0.1:59542,suspend=y,server=n -agentpath:/private/var/folders/tp/0mlfxv9x5_ddcsfqxrqnjcmr0000gn/T/idea_libasyncProfiler_dylib_temp_folder/libasyncProfiler.dylib=version,jfr,event=wall,interval=10ms,cstack=no,file=/Users/danbar/IdeaSnapshots/BeanRunnerTestApplication_2025_01_16_202141.jfr,log=/private/var/folders/tp/0mlfxv9x5_ddcsfqxrqnjcmr0000gn/T/BeanRunnerTestApplication_2025_01_16_202141.jfr.log.txt,logLevel=DEBUG -XX:TieredStopAtLevel=1 -Dspring.output.ansi.enabled=always -Dcom.sun.management.jmxremote -Dspring.jmx.enabled=true -Dspring.liveBeansView.mbeanDomain -Dspring.application.admin.enabled=true -Dmanagement.endpoints.jmx.exposure.include=* -Dvaadin.copilot.pluginDotFilePath=/Users/danbar/code/bean-runner/.idea/.copilot-plugin -javaagent:/Users/danbar/Library/Caches/JetBrains/IntelliJIdea2024.3/captureAgent/debugger-agent.jar -Dkotlinx.coroutines.debug.enable.creation.stack.trace=false -Ddebugger.agent.enable.coroutines=true -Dkotlinx.coroutines.debug.enable.flows.stack.trace=true -Dkotlinx.coroutines.debug.enable.mutable.state.flows.stack.trace=true -Dfile.encoding=UTF-8 -classpath /Users/danbar/code/bean-runner/bean-runner-spring-boot-starter/build/classes/java/test:/Users/danbar/code/bean-runner/bean-runner-spring-boot-starter/build/resources/test:/Users/danbar/code/bean-runner/bean-runner-spring-boot-starter/build/classes/java/main:/Users/danbar/code/bean-runner/bean-runner-spring-boot-starter/build/resources/main:/Users/danbar/code/bean-runner/bean-runner-core/build/classes/java/main:/Users/danbar/.gradle/caches/modules-2/files-2.1/com.vaadin/vaadin-spring-boot-starter/24.6.2/a09e1a0f4a3ca028be09ffdbd02dbcbc0c90812a/vaadin-spring-boot-starter-24.6.2.jar:/Users/danbar/.gradle/caches/modules-2/files-2.1/org.apache.commons/commons-lang3/3.17.0/b17d2136f0460dcc0d2016ceefca8723bdf4ee70/commons-lang3-3.17.0.jar:/Users/danbar/.gradle/caches/modules-2/files-2.1/com.fasterxml.jackson.dataformat/jackson-dataformat-yaml/2.18.2/d000e13505d1cf564371516fa3d5b8769a779dc9/jackson-dataformat-yaml-2.18.2.jar:/Users/danbar/.gradle/caches/modules-2/files-2.1/com.google.cloud/google-cloud-storage/2.30.1/43870e7d6cdf6eeea52f0664d15348e8a3373c4f/google-cloud-storage-2.30.1.jar:/Users/danbar/.gradle/caches/modules-2/files-2.1/com.fasterxml.jackson.datatype/jackson-datatype-jsr310/2.15.0/3c3a0cfba09271fab4603224f2c2e21c6ddf6dc4/jackson-datatype-jsr310-2.15.0.jar:/Users/danbar/.gradle/caches/modules-2/files-2.1/com.cronutils/cron-utils/9.2.1/5d3738bc7a2eaa45a94a76c6e87af54a95414637/cron-utils-9.2.1.jar:/Users/danbar/.gradle/caches/modules-2/files-2.1/org.ocpsoft.prettytime/prettytime/5.0.8.Final/ba330d9fa50d83c24f8939e7937138ae38458dd0/prettytime-5.0.8.Final.jar:/Users/danbar/.gradle/caches/modules-2/files-2.1/org.projectlombok/lombok/1.18.24/13a394eed5c4f9efb2a6d956e2086f1d81e857d9/lombok-1.18.24.jar:/Users/danbar/.gradle/caches/modules-2/files-2.1/org.springframework.boot/spring-boot-starter-test/3.4.1/ac1caa2ab4c8eaedd82abab3ed8d27a1b4ee2da8/spring-boot-starter-test-3.4.1.jar:/Users/danbar/.gradle/caches/modules-2/files-2.1/com.vaadin/vaadin-spring/24.6.2/7e8f16ec1d1dc8e2999d449a9e39bcb2b4570f2d/vaadin-spring-24.6.2.jar:/Users/danbar/.gradle/caches/modules-2/files-2.1/com.vaadin/vaadin-core/24.6.2/6b48826b02c119701db68d8fa053f7c03386477e/vaadin-core-24.6.2.jar:/Users/danbar/.gradle/caches/modules-2/files-2.1/com.vaadin/hilla/24.6.2/432089988855f7b3f756596884f8aa70bd2a5de3/hilla-24.6.2.jar:/Users/danbar/.gradle/caches/modules-2/files-2.1/org.springframework.boot/spring-boot-starter-web/3.4.1/ff7227fc62338e0f6eba3f9f94c12eb952d4da95/spring-boot-starter-web-3.4.1.jar:/Users/danbar/.gradle/caches/modules-2/files-2.1/com.fasterxml.jackson.core/jackson-databind/2.18.2/deef8697b92141fb6caf7aa86966cff4eec9b04f/jackson-databind-2.18.2.jar:/Users/danbar/.gradle/caches/modules-2/files-2.1/com.fasterxml.jackson.core/jackson-core/2.18.2/fb64ccac5c27dca8819418eb4e443a9f496d9ee7/jackson-core-2.18.2.jar:/Users/danbar/.gradle/caches/modules-2/files-2.1/org.yaml/snakeyaml/2.3/936b36210e27320f920536f695cf1af210c44586/snakeyaml-2.3.jar:/Users/danbar/.gradle/caches/modules-2/files-2.1/com.google.guava/guava/33.3.1-jre/852f8b363da0111e819460021ca693cacca3e8db/guava-33.3.1-jre.jar:/Users/danbar/.gradle/caches/modules-2/files-2.1/com.google.guava/failureaccess/1.0.2/c4a06a64e650562f30b7bf9aaec1bfed43aca12b/failureaccess-1.0.2.jar:/Users/danbar/.gradle/caches/modules-2/files-2.1/com.google.guava/listenablefuture/9999.0-empty-to-avoid-conflict-with-guava/b421526c5f297295adef1c886e5246c39d4ac629/listenablefuture-9999.0-empty-to-avoid-conflict-with-guava.jar:/Users/danbar/.gradle/caches/modules-2/files-2.1/com.google.code.gson/gson/2.11.0/527175ca6d81050b53bdd4c457a6d6e017626b0e/gson-2.11.0.jar:/Users/danbar/.gradle/caches/modules-2/files-2.1/com.google.errorprone/error_prone_annotations/2.28.0/59fc00087ce372de42e394d2c789295dff2d19f0/error_prone_annotations-2.28.0.jar:/Users/danbar/.gradle/caches/modules-2/files-2.1/com.google.j2objc/j2objc-annotations/3.0.0/7399e65dd7e9ff3404f4535b2f017093bdb134c7/j2objc-annotations-3.0.0.jar:/Users/danbar/.gradle/caches/modules-2/files-2.1/com.google.http-client/google-http-client/1.43.3/a758b82e55a2f5f681e289c5ed384d3dbda6f3cd/google-http-client-1.43.3.jar:/Users/danbar/.gradle/caches/modules-2/files-2.1/io.opencensus/opencensus-contrib-http-util/0.31.1/3c13fc5715231fadb16a9b74a44d9d59c460cfa8/opencensus-contrib-http-util-0.31.1.jar:/Users/danbar/.gradle/caches/modules-2/files-2.1/com.google.http-client/google-http-client-jackson2/1.43.3/689da86469d19a01c726c8c24477b95c8a834bbe/google-http-client-jackson2-1.43.3.jar:/Users/danbar/.gradle/caches/modules-2/files-2.1/com.google.http-client/google-http-client-gson/1.43.3/252e267acf720ef6333488740a696a1d5e204639/google-http-client-gson-1.43.3.jar:/Users/danbar/.gradle/caches/modules-2/files-2.1/com.google.api-client/google-api-client/2.2.0/10e53fd4d987e37190432e896bdaa62e8ea2c628/google-api-client-2.2.0.jar:/Users/danbar/.gradle/caches/modules-2/files-2.1/commons-codec/commons-codec/1.17.1/973638b7149d333563584137ebf13a691bb60579/commons-codec-1.17.1.jar:/Users/danbar/.gradle/caches/modules-2/files-2.1/com.google.oauth-client/google-oauth-client/1.34.1/4a4f88c5e13143f882268c98239fb85c3b2c6cb2/google-oauth-client-1.34.1.jar:/Users/danbar/.gradle/caches/modules-2/files-2.1/com.google.http-client/google-http-client-apache-v2/1.43.3/3e224b1b9e18dd28c89a764b1feea498ba952579/google-http-client-apache-v2-1.43.3.jar:/Users/danbar/.gradle/caches/modules-2/files-2.1/com.google.apis/google-api-services-storage/v1-rev20231117-2.0.0/dbfb34d7acb06f69b201857fdf2436d45f98084d/google-api-services-storage-v1-rev20231117-2.0.0.jar:/Users/danbar/.gradle/caches/modules-2/files-2.1/com.google.cloud/google-cloud-core/2.28.0/b4850f899328debd40789accefa9b09f0e7d482c/google-cloud-core-2.28.0.jar:/Users/danbar/.gradle/caches/modules-2/files-2.1/com.google.auto.value/auto-value-annotations/1.10.4/9679de8286eb0a151db6538ba297a8951c4a1224/auto-value-annotations-1.10.4.jar:/Users/danbar/.gradle/caches/modules-2/files-2.1/com.google.cloud/google-cloud-core-http/2.28.0/97a9444d10b5ded7eefb83759153e14e018b5117/google-cloud-core-http-2.28.0.jar:/Users/danbar/.gradle/caches/modules-2/files-2.1/com.google.http-client/google-http-client-appengine/1.43.3/9d6cbdde6ea3469a67601a811b4e83de3e68a79/google-http-client-appengine-1.43.3.jar:/Users/danbar/.gradle/caches/modules-2/files-2.1/com.google.api/gax-httpjson/2.38.0/8fddd7d3d8dea3f5b877051aeffe0697ad4b8f3d/gax-httpjson-2.38.0.jar:/Users/danbar/.gradle/caches/modules-2/files-2.1/com.google.cloud/google-cloud-core-grpc/2.28.0/127e5679d9912f2132603d8b7d3e78ec282b3e9e/google-cloud-core-grpc-2.28.0.jar:/Users/danbar/.gradle/caches/modules-2/files-2.1/com.google.api/gax/2.38.0/a62223c8146b9b34bd29e663fcc7a0ce8c05f213/gax-2.38.0.jar:/Users/danbar/.gradle/caches/modules-2/files-2.1/com.google.api/gax-grpc/2.38.0/247942e7eb3541ff83a0be3983c093b8e94de425/gax-grpc-2.38.0.jar:/Users/danbar/.gradle/caches/modules-2/files-2.1/io.grpc/grpc-inprocess/1.59.1/33f031b64a114ba496f74431cc5c3ff4b7174c5b/grpc-inprocess-1.59.1.jar:/Users/danbar/.gradle/caches/modules-2/files-2.1/io.grpc/grpc-alts/1.59.1/b4727fc2108bf2ad90bde09384c000463cf4e05/grpc-alts-1.59.1.jar:/Users/danbar/.gradle/caches/modules-2/files-2.1/io.grpc/grpc-grpclb/1.59.1/ed65be016bdf50999c5fa46638fa9b9551324396/grpc-grpclb-1.59.1.jar:/Users/danbar/.gradle/caches/modules-2/files-2.1/org.conscrypt/conscrypt-openjdk-uber/2.5.2/d858f142ea189c62771c505a6548d8606ac098fe/conscrypt-openjdk-uber-2.5.2.jar:/Users/danbar/.gradle/caches/modules-2/files-2.1/io.grpc/grpc-auth/1.59.1/a71501b14b6da4d9363ac546e17473660fb5da9a/grpc-auth-1.59.1.jar:/Users/danbar/.gradle/caches/modules-2/files-2.1/io.grpc/grpc-protobuf/1.59.1/c5cf8c7f94eb83bca069889f25a0c4112d715365/grpc-protobuf-1.59.1.jar:/Users/danbar/.gradle/caches/modules-2/files-2.1/io.grpc/grpc-protobuf-lite/1.59.1/d08f76893dd446d66f8bc7025237150443a38291/grpc-protobuf-lite-1.59.1.jar:/Users/danbar/.gradle/caches/modules-2/files-2.1/com.google.auth/google-auth-library-credentials/1.20.0/bc23b2c7e6419d3cd7e108d6942b9431bf5c25c/google-auth-library-credentials-1.20.0.jar:/Users/danbar/.gradle/caches/modules-2/files-2.1/com.google.auth/google-auth-library-oauth2-http/1.20.0/a5f0e4a16f5b12cde3df1ea413852aeaf176176/google-auth-library-oauth2-http-1.20.0.jar:/Users/danbar/.gradle/caches/modules-2/files-2.1/com.google.api/api-common/2.21.0/d3129c250647ed34be2f7a491f8a6a19ee21dd63/api-common-2.21.0.jar:/Users/danbar/.gradle/caches/modules-2/files-2.1/javax.annotation/javax.annotation-api/1.3.2/934c04d3cfef185a8008e7bf34331b79730a9d43/javax.annotation-api-1.3.2.jar:/Users/danbar/.gradle/caches/modules-2/files-2.1/io.opencensus/opencensus-api/0.31.1/66a60c7201c2b8b20ce495f0295b32bb0ccbbc57/opencensus-api-0.31.1.jar:/Users/danbar/.gradle/caches/modules-2/files-2.1/io.grpc/grpc-context/1.59.1/ebbb99b123e4804e7a28aed0c00cdba1ad244b16/grpc-context-1.59.1.jar:/Users/danbar/.gradle/caches/modules-2/files-2.1/com.google.api.grpc/proto-google-iam-v1/1.24.0/883f1683362d8fd7eb49d4220feeb49b3e0040dc/proto-google-iam-v1-1.24.0.jar:/Users/danbar/.gradle/caches/modules-2/files-2.1/com.google.protobuf/protobuf-java/3.25.1/2933a5c3f022456d8842323fe0d7fb2d25a7e3c7/protobuf-java-3.25.1.jar:/Users/danbar/.gradle/caches/modules-2/files-2.1/com.google.protobuf/protobuf-java-util/3.25.1/52ef56370091e0088ca1a8bca39cd03c6becc2dc/protobuf-java-util-3.25.1.jar:/Users/danbar/.gradle/caches/modules-2/files-2.1/com.google.api.grpc/proto-google-common-protos/2.29.0/eb1cf1cf4c12d5eb9cef958dfd76af4101c55a62/proto-google-common-protos-2.29.0.jar:/Users/danbar/.gradle/caches/modules-2/files-2.1/org.threeten/threetenbp/1.6.8/4c65b7b43f3fe31350f74cb7d0b2461e111e8dd0/threetenbp-1.6.8.jar:/Users/danbar/.gradle/caches/modules-2/files-2.1/com.google.api.grpc/proto-google-cloud-storage-v2/2.30.1-alpha/7ee6e7f4d956ce051049171bcfc8811a79e9fe0c/proto-google-cloud-storage-v2-2.30.1-alpha.jar:/Users/danbar/.gradle/caches/modules-2/files-2.1/com.google.api.grpc/grpc-google-cloud-storage-v2/2.30.1-alpha/7e2618c8bb03101437176af81fe2fa9d00107985/grpc-google-cloud-storage-v2-2.30.1-alpha.jar:/Users/danbar/.gradle/caches/modules-2/files-2.1/com.google.api.grpc/gapic-google-cloud-storage-v2/2.30.1-alpha/191f336a765f1bca7c3e529c7a048d4370190b9/gapic-google-cloud-storage-v2-2.30.1-alpha.jar:/Users/danbar/.gradle/caches/modules-2/files-2.1/com.google.code.findbugs/jsr305/3.0.2/25ea2e8b0c338a877313bd4672d3fe056ea78f0d/jsr305-3.0.2.jar:/Users/danbar/.gradle/caches/modules-2/files-2.1/io.grpc/grpc-api/1.59.1/fb57dd0097c792e97afb186f09c47c8c2b9598cc/grpc-api-1.59.1.jar:/Users/danbar/.gradle/caches/modules-2/files-2.1/io.grpc/grpc-core/1.59.1/88fef1ad68a4571ef443e9c0ac6355c0bd89647e/grpc-core-1.59.1.jar:/Users/danbar/.gradle/caches/modules-2/files-2.1/io.grpc/grpc-stub/1.59.1/7d29780f48086e00ae371751d2d453a837540e2f/grpc-stub-1.59.1.jar:/Users/danbar/.gradle/caches/modules-2/files-2.1/org.checkerframework/checker-qual/3.43.0/9425eee39e56b116d2b998b7c2cebcbd11a3c98b/checker-qual-3.43.0.jar:/Users/danbar/.gradle/caches/modules-2/files-2.1/com.fasterxml.jackson.core/jackson-annotations/2.18.2/985d77751ebc7fce5db115a986bc9aa82f973f4a/jackson-annotations-2.18.2.jar:/Users/danbar/.gradle/caches/modules-2/files-2.1/org.slf4j/slf4j-api/2.0.11/ad96c3f8cf895e696dd35c2bc8e8ebe710be9e6d/slf4j-api-2.0.11.jar:/Users/danbar/.gradle/caches/modules-2/files-2.1/org.springframework.boot/spring-boot-starter/3.4.1/2c97b6fdc451ea69cd04dcfa54980439b7c7cb34/spring-boot-starter-3.4.1.jar:/Users/danbar/.gradle/caches/modules-2/files-2.1/org.springframework.boot/spring-boot-test-autoconfigure/3.4.1/87ac4bbb73af12298ddf1cd6830121527e6de7c7/spring-boot-test-autoconfigure-3.4.1.jar:/Users/danbar/.gradle/caches/modules-2/files-2.1/org.springframework.boot/spring-boot-test/3.4.1/56fb2970279daa00359e37fabdc3bf46a1ab1a8b/spring-boot-test-3.4.1.jar:/Users/danbar/.gradle/caches/modules-2/files-2.1/com.jayway.jsonpath/json-path/2.9.0/37fe2217f577b0b68b18e62c4d17a8858ecf9b69/json-path-2.9.0.jar:/Users/danbar/.gradle/caches/modules-2/files-2.1/jakarta.xml.bind/jakarta.xml.bind-api/4.0.2/6cd5a999b834b63238005b7144136379dc36cad2/jakarta.xml.bind-api-4.0.2.jar:/Users/danbar/.gradle/caches/modules-2/files-2.1/net.minidev/json-smart/2.5.1/4c11d2808d009132dfbbf947ebf37de6bf266c8e/json-smart-2.5.1.jar:/Users/danbar/.gradle/caches/modules-2/files-2.1/org.assertj/assertj-core/3.26.3/d26263eb7524252d98e602fc6942996a3195e29/assertj-core-3.26.3.jar:/Users/danbar/.gradle/caches/modules-2/files-2.1/org.awaitility/awaitility/4.2.2/7336242073ebf83fe034e42b46a403c5501b63c9/awaitility-4.2.2.jar:/Users/danbar/.gradle/caches/modules-2/files-2.1/org.hamcrest/hamcrest/2.2/1820c0968dba3a11a1b30669bb1f01978a91dedc/hamcrest-2.2.jar:/Users/danbar/.gradle/caches/modules-2/files-2.1/org.junit.jupiter/junit-jupiter/5.11.4/a699f024a4a4706b36bddbeb42d499aff9e09379/junit-jupiter-5.11.4.jar:/Users/danbar/.gradle/caches/modules-2/files-2.1/org.mockito/mockito-junit-jupiter/5.14.2/3cfc377d4bb9fe729f3dd9098d9a9b27da58324a/mockito-junit-jupiter-5.14.2.jar:/Users/danbar/.gradle/caches/modules-2/files-2.1/org.mockito/mockito-core/5.14.2/f7bf936008d7664e2002c3faf0c02071c8d10e7c/mockito-core-5.14.2.jar:/Users/danbar/.gradle/caches/modules-2/files-2.1/org.skyscreamer/jsonassert/1.5.3/aaa43e0823d2a0e106e8754d6a9c4ab24e05e9bc/jsonassert-1.5.3.jar:/Users/danbar/.gradle/caches/modules-2/files-2.1/org.springframework/spring-test/6.2.1/60b7fe91a4ecb88b9ee0d6f228ad0b6a8ac78cb2/spring-test-6.2.1.jar:/Users/danbar/.gradle/caches/modules-2/files-2.1/org.springframework/spring-core/6.2.1/f42e6b51d9c0c2fcf95df9e5848470d173adc9af/spring-core-6.2.1.jar:/Users/danbar/.gradle/caches/modules-2/files-2.1/org.xmlunit/xmlunit-core/2.10.0/1355088731b4ec2107ff7f319f0d7445d916bab/xmlunit-core-2.10.0.jar:/Users/danbar/.gradle/caches/modules-2/files-2.1/com.vaadin/flow-server/24.6.2/6cd90a3057118c7d8ea1921e00bad9b55bdf6561/flow-server-24.6.2.jar:/Users/danbar/.gradle/caches/modules-2/files-2.1/org.reflections/reflections/0.10.2/b638d7ca0e0fe0146b60a0e7ba232ad852a73b31/reflections-0.10.2.jar:/Users/danbar/.gradle/caches/modules-2/files-2.1/com.vaadin/flow-push/24.6.2/53a25576376d19d0918ebf55377c787776eebdf/flow-push-24.6.2.jar:/Users/danbar/.gradle/caches/modules-2/files-2.1/org.springframework/spring-webmvc/6.2.1/44bdf7e5641d44044ac52d7bb5c1fc46004e7754/spring-webmvc-6.2.1.jar:/Users/danbar/.gradle/caches/modules-2/files-2.1/org.springframework/spring-websocket/6.2.1/bb261d54a16ee6ee29013b28f557bc1c83050656/spring-websocket-6.2.1.jar:/Users/danbar/.gradle/caches/modules-2/files-2.1/com.vaadin/flow-client/24.6.2/ff669545831f6e85d5d31908a55a2d65dbaf5f4d/flow-client-24.6.2.jar:/Users/danbar/.gradle/caches/modules-2/files-2.1/org.hibernate.validator/hibernate-validator/8.0.2.Final/220e64815dd87535525331de20570017f899eb13/hibernate-validator-8.0.2.Final.jar:/Users/danbar/.gradle/caches/modules-2/files-2.1/org.javassist/javassist/3.30.2-GA/284580b5e42dfa1b8267058566435d9e93fae7f7/javassist-3.30.2-GA.jar:/Users/danbar/.gradle/caches/modules-2/files-2.1/com.vaadin/vaadin-core-internal/24.6.2/5a5515ea9bd058462f6b2f2c4f143bf9710f69ac/vaadin-core-internal-24.6.2.jar:/Users/danbar/.gradle/caches/modules-2/files-2.1/com.vaadin/vaadin-dev/24.6.2/1090b2f4ec631ec063cf43da8d61dbe865eb12ce/vaadin-dev-24.6.2.jar:/Users/danbar/.gradle/caches/modules-2/files-2.1/com.vaadin/hilla-endpoint/24.6.2/eb71af5a9ff10b4a26482646b9f08ab89979e1c8/hilla-endpoint-24.6.2.jar:/Users/danbar/.gradle/caches/modules-2/files-2.1/com.vaadin/hilla-engine-runtime/24.6.2/67818a9e985081d31da1e507235b6e26a2d9a5a5/hilla-engine-runtime-24.6.2.jar:/Users/danbar/.gradle/caches/modules-2/files-2.1/org.springframework.boot/spring-boot-starter-json/3.4.1/c1d084f65d8d9f2de9daccab47c4f452fb0464de/spring-boot-starter-json-3.4.1.jar:/Users/danbar/.gradle/caches/modules-2/files-2.1/org.springframework/spring-web/6.2.1/877acb94c5b3a0c92e652b6bebdfdc7c60922ac8/spring-web-6.2.1.jar:/Users/danbar/.gradle/caches/modules-2/files-2.1/org.springframework.boot/spring-boot-starter-tomcat/3.4.1/ac4bb51582c57cfb0d2beb102a76fe1a4d8b8b21/spring-boot-starter-tomcat-3.4.1.jar:/Users/danbar/.gradle/caches/modules-2/files-2.1/org.springframework.boot/spring-boot-starter-logging/3.4.1/5cd01e208b15113c7f88b3ea40e843ea9989f38a/spring-boot-starter-logging-3.4.1.jar:/Users/danbar/.gradle/caches/modules-2/files-2.1/org.springframework.boot/spring-boot-autoconfigure/3.4.1/f17b54cc5816ec8f06d0aca9df11c330ead97f2a/spring-boot-autoconfigure-3.4.1.jar:/Users/danbar/.gradle/caches/modules-2/files-2.1/org.springframework.boot/spring-boot/3.4.1/5fb9890a5eb7c4e86c8f5c0f6960b79240daf3d5/spring-boot-3.4.1.jar:/Users/danbar/.gradle/caches/modules-2/files-2.1/jakarta.annotation/jakarta.annotation-api/2.1.1/48b9bda22b091b1f48b13af03fe36db3be6e1ae3/jakarta.annotation-api-2.1.1.jar:/Users/danbar/.gradle/caches/modules-2/files-2.1/jakarta.activation/jakarta.activation-api/2.1.3/fa165bd70cda600368eee31555222776a46b881f/jakarta.activation-api-2.1.3.jar:/Users/danbar/.gradle/caches/modules-2/files-2.1/net.minidev/accessors-smart/2.5.1/19b820261eb2e7de7d5bde11d1c06e4501dd7e5f/accessors-smart-2.5.1.jar:/Users/danbar/.gradle/caches/modules-2/files-2.1/net.bytebuddy/byte-buddy/1.15.11/f61886478e0f9ee4c21d09574736f0ff45e0a46c/byte-buddy-1.15.11.jar:/Users/danbar/.gradle/caches/modules-2/files-2.1/org.junit.jupiter/junit-jupiter-params/5.11.4/e4c86fbe2a39c60c6b87260ef7f7e7c1a1906481/junit-jupiter-params-5.11.4.jar:/Users/danbar/.gradle/caches/modules-2/files-2.1/org.junit.jupiter/junit-jupiter-api/5.11.4/308315b28e667db4091b2ba1f7aa220d1ddadb97/junit-jupiter-api-5.11.4.jar:/Users/danbar/.gradle/caches/modules-2/files-2.1/net.bytebuddy/byte-buddy-agent/1.15.11/a38b16385e867f59a641330f0362ebe742788ed8/byte-buddy-agent-1.15.11.jar:/Users/danbar/.gradle/caches/modules-2/files-2.1/com.vaadin.external.google/android-json/0.0.20131108.vaadin1/fa26d351fe62a6a17f5cda1287c1c6110dec413f/android-json-0.0.20131108.vaadin1.jar:/Users/danbar/.gradle/caches/modules-2/files-2.1/org.springframework/spring-jcl/6.2.1/a5d662d64470aff0ae51d210147bb6ede31a8ea3/spring-jcl-6.2.1.jar:/Users/danbar/.gradle/caches/modules-2/files-2.1/org.apache.commons/commons-compress/1.27.1/a19151084758e2fbb6b41eddaa88e7b8ff4e6599/commons-compress-1.27.1.jar:/Users/danbar/.gradle/caches/modules-2/files-2.1/com.helger/ph-css/7.0.3/d96139f41036ce554f436c25f0c2356642552a3e/ph-css-7.0.3.jar:/Users/danbar/.gradle/caches/modules-2/files-2.1/com.vaadin.servletdetector/throw-if-servlet3/1.0.2/29d2e1daed2f3df2e233d6685a52cc888d2519bf/throw-if-servlet3-1.0.2.jar:/Users/danbar/.gradle/caches/modules-2/files-2.1/com.vaadin.external.gwt/gwt-elemental/2.8.2.vaadin2/abdfd4fcfbc0652298061be8c70a56a6d6e868b2/gwt-elemental-2.8.2.vaadin2.jar:/Users/danbar/.gradle/caches/modules-2/files-2.1/org.apache.commons/commons-fileupload2-jakarta/2.0.0-M1/3695e957ef5ca6e63b9b934064ecf4aee6518023/commons-fileupload2-jakarta-2.0.0-M1.jar:/Users/danbar/.gradle/caches/modules-2/files-2.1/commons-io/commons-io/2.18.0/44084ef756763795b31c578403dd028ff4a22950/commons-io-2.18.0.jar:/Users/danbar/.gradle/caches/modules-2/files-2.1/org.jsoup/jsoup/1.18.1/cb7cd991d47b44101cbe4655dec611cdc01f8a02/jsoup-1.18.1.jar:/Users/danbar/.gradle/caches/modules-2/files-2.1/org.ow2.asm/asm/9.7.1/f0ed132a49244b042cd0e15702ab9f2ce3cc8436/asm-9.7.1.jar:/Users/danbar/.gradle/caches/modules-2/files-2.1/com.vaadin.external/gentyref/1.2.0.vaadin1/c914574fdf1d7c7b85f58965d10f7a83811bb7c6/gentyref-1.2.0.vaadin1.jar:/Users/danbar/.gradle/caches/modules-2/files-2.1/com.vaadin.external.atmosphere/atmosphere-runtime/3.0.5.slf4jvaadin1/a2e969eff4832a42b07f740325962f7743e14d40/atmosphere-runtime-3.0.5.slf4jvaadin1.jar:/Users/danbar/.gradle/caches/modules-2/files-2.1/org.springframework/spring-context/6.2.1/f56c7431b03860bfdb016e68f484c5c35531ef2e/spring-context-6.2.1.jar:/Users/danbar/.gradle/caches/modules-2/files-2.1/org.springframework/spring-aop/6.2.1/a9384de38fc00751084446ba014a0c4962240244/spring-aop-6.2.1.jar:/Users/danbar/.gradle/caches/modules-2/files-2.1/org.springframework/spring-beans/6.2.1/ab57ec03ba6900075bf28e3cd70ccce173205b8d/spring-beans-6.2.1.jar:/Users/danbar/.gradle/caches/modules-2/files-2.1/org.springframework/spring-expression/6.2.1/91fcf6b9501705c31c8337e2713fe823bb512b24/spring-expression-6.2.1.jar:/Users/danbar/.gradle/caches/modules-2/files-2.1/jakarta.validation/jakarta.validation-api/3.0.2/92b6631659ba35ca09e44874d3eb936edfeee532/jakarta.validation-api-3.0.2.jar:/Users/danbar/.gradle/caches/modules-2/files-2.1/org.jboss.logging/jboss-logging/3.6.1.Final/886afbb445b4016a37c8960a7aef6ebd769ce7e5/jboss-logging-3.6.1.Final.jar:/Users/danbar/.gradle/caches/modules-2/files-2.1/com.fasterxml/classmate/1.7.0/e98374da1f2143ac8e6e0a95036994bb19137a3/classmate-1.7.0.jar:/Users/danbar/.gradle/caches/modules-2/files-2.1/com.vaadin/flow-lit-template/24.6.2/d76afd69d3a7ac179085fab78e38c5fe013b4bdd/flow-lit-template-24.6.2.jar:/Users/danbar/.gradle/caches/modules-2/files-2.1/com.vaadin/flow-react/24.6.2/40530865976cd4f2d497eeeda046f5a922371ea6/flow-react-24.6.2.jar:/Users/danbar/.gradle/caches/modules-2/files-2.1/com.vaadin/vaadin-core-components/24.6.2/8ba2264fa82984a48e67af098fed6b91cbef7cc4/vaadin-core-components-24.6.2.jar:/Users/danbar/.gradle/caches/modules-2/files-2.1/com.vaadin/flow-html-components/24.6.2/d808e2bbaec0ae81e6bc7a02e2fb80d05baf1920/flow-html-components-24.6.2.jar:/Users/danbar/.gradle/caches/modules-2/files-2.1/com.vaadin/vaadin-lumo-theme/24.6.2/5c057381313aef0e7ff1498ce87a93e1a53df236/vaadin-lumo-theme-24.6.2.jar:/Users/danbar/.gradle/caches/modules-2/files-2.1/com.vaadin/flow-data/24.6.2/9d4a80d4d2031a4aad626ab66eeb64975abe7f98/flow-data-24.6.2.jar:/Users/danbar/.gradle/caches/modules-2/files-2.1/com.vaadin/flow-dnd/24.6.2/238ccb22ce0ce257c10f6d8e89b63752fbc31393/flow-dnd-24.6.2.jar:/Users/danbar/.gradle/caches/modules-2/files-2.1/com.vaadin/vaadin-material-theme/24.6.2/5eaa262719bda8a78ec414e0f30934a451cccce8/vaadin-material-theme-24.6.2.jar:/Users/danbar/.gradle/caches/modules-2/files-2.1/com.vaadin/vaadin-dev-server/24.6.2/3b0f347fcc3f70aa60ed81f6b09e1bff96f93418/vaadin-dev-server-24.6.2.jar:/Users/danbar/.gradle/caches/modules-2/files-2.1/com.vaadin/copilot/24.6.2/af74673b4a318fb27658e93833d48b7af7cdf52b/copilot-24.6.2.jar:/Users/danbar/.gradle/caches/modules-2/files-2.1/com.vaadin/vaadin-dev-bundle/24.6.2/d4caf704cd870028d673a8fa9aeda0fbc6041a28/vaadin-dev-bundle-24.6.2.jar:/Users/danbar/.gradle/caches/modules-2/files-2.1/com.vaadin/hilla-dev/24.6.2/67baea9591ce76dbe8d76a7806de08da6faabb18/hilla-dev-24.6.2.jar:/Users/danbar/.gradle/caches/modules-2/files-2.1/io.netty/netty-codec-http2/4.1.116.Final/5aefc3cf9ca7df764d0b15b9cb9b6e706a4a55b3/netty-codec-http2-4.1.116.Final.jar:/Users/danbar/.gradle/caches/modules-2/files-2.1/io.netty/netty-handler-proxy/4.1.116.Final/3e0c3f519305905e41b69dc73064684e31d68357/netty-handler-proxy-4.1.116.Final.jar:/Users/danbar/.gradle/caches/modules-2/files-2.1/io.netty/netty-codec-http/4.1.116.Final/75a0455171848a4188a9f77e9a1e76a036381260/netty-codec-http-4.1.116.Final.jar:/Users/danbar/.gradle/caches/modules-2/files-2.1/io.netty/netty-resolver-dns-native-macos/4.1.116.Final/9ad09ec5bb6ae698be884ccf0b129f0db60b51c4/netty-resolver-dns-native-macos-4.1.116.Final.jar:/Users/danbar/.gradle/caches/modules-2/files-2.1/io.netty/netty-resolver-dns/4.1.116.Final/9f9a00e071e8e63b1aa3db14aacb93c8ecba1ac8/netty-resolver-dns-4.1.116.Final.jar:/Users/danbar/.gradle/caches/modules-2/files-2.1/io.netty/netty-handler/4.1.116.Final/eaef854ef33f3fd3d0ecf927690d8112c710bc05/netty-handler-4.1.116.Final.jar:/Users/danbar/.gradle/caches/modules-2/files-2.1/io.netty/netty-codec/4.1.116.Final/cbe928f601e51a0b5750342b6dad5d35fa12f745/netty-codec-4.1.116.Final.jar:/Users/danbar/.gradle/caches/modules-2/files-2.1/io.netty/netty-transport-native-epoll/4.1.116.Final/1c6021a777b96562078d38f62ab8bd7d87627d18/netty-transport-native-epoll-4.1.116.Final.jar:/Users/danbar/.gradle/caches/modules-2/files-2.1/io.netty/netty-transport-native-unix-common/4.1.116.Final/1f77d6d8e582ded200e0be1462afbc7563144e12/netty-transport-native-unix-common-4.1.116.Final.jar:/Users/danbar/.gradle/caches/modules-2/files-2.1/io.netty/netty-transport/4.1.116.Final/3fa60bbc84222a691bb0686a82308b8e180812b7/netty-transport-4.1.116.Final.jar:/Users/danbar/.gradle/caches/modules-2/files-2.1/io.netty/netty-buffer/4.1.116.Final/77a86414b9c1e52622e467f1ef7ccb473996742a/netty-buffer-4.1.116.Final.jar:/Users/danbar/.gradle/caches/modules-2/files-2.1/io.netty/netty-resolver/4.1.116.Final/82fc6bbf59eae483712c8716b8d1f5112b1721a0/netty-resolver-4.1.116.Final.jar:/Users/danbar/.gradle/caches/modules-2/files-2.1/io.netty/netty-common/4.1.116.Final/6871f95af2bc3a98fda34a580baf6cac8cbc2944/netty-common-4.1.116.Final.jar:/Users/danbar/.gradle/caches/modules-2/files-2.1/com.vaadin/hilla-engine-core/24.6.2/a17f8ffb4f8b2a6cd54e0c5cb0aa8ef606ec0cde/hilla-engine-core-24.6.2.jar:/Users/danbar/.gradle/caches/modules-2/files-2.1/com.vaadin/hilla-parser-jvm-utils/24.6.2/865e93605d4e308ee223942cb8b8f215d13da9cf/hilla-parser-jvm-utils-24.6.2.jar:/Users/danbar/.gradle/caches/modules-2/files-2.1/com.github.javaparser/javaparser-symbol-solver-core/3.26.2/e276bf1d8913af174529dbd35ff82bb05e396601/javaparser-symbol-solver-core-3.26.2.jar:/Users/danbar/.gradle/caches/modules-2/files-2.1/com.vaadin/hilla-runtime-plugin-transfertypes/24.6.2/1363dc4cb6685e1e4542afdad1ca3b911c847be5/hilla-runtime-plugin-transfertypes-24.6.2.jar:/Users/danbar/.gradle/caches/modules-2/files-2.1/org.springframework.data/spring-data-commons/3.4.1/3ae5f19bc2b1b30de85b0610ae25818c2e7c295a/spring-data-commons-3.4.1.jar:/Users/danbar/.gradle/caches/modules-2/files-2.1/org.springframework.security/spring-security-core/6.4.2/51302b2af3f01eb79fdc7164a4cc3a3aa7e3b541/spring-security-core-6.4.2.jar:/Users/danbar/.gradle/caches/modules-2/files-2.1/io.projectreactor/reactor-core/3.7.1/3391286019effb6c179ebbdd2159130dde543c3a/reactor-core-3.7.1.jar:/Users/danbar/.gradle/caches/modules-2/files-2.1/com.fasterxml.jackson.datatype/jackson-datatype-jdk8/2.18.2/9ed6d538ebcc66864e114a7040953dce6ab6ea53/jackson-datatype-jdk8-2.18.2.jar:/Users/danbar/.gradle/caches/modules-2/files-2.1/com.fasterxml.jackson.module/jackson-module-parameter-names/2.18.2/72960cb3277347a748911d100c3302d60e8a616a/jackson-module-parameter-names-2.18.2.jar:/Users/danbar/.gradle/caches/modules-2/files-2.1/io.micrometer/micrometer-observation/1.14.2/a9cad29cc04c0f7e30e3e58b454d4cd47ccc54bd/micrometer-observation-1.14.2.jar:/Users/danbar/.gradle/caches/modules-2/files-2.1/org.apache.tomcat.embed/tomcat-embed-websocket/10.1.34/eef6d430f34b6e393b8d9e40f10db9043732b4e5/tomcat-embed-websocket-10.1.34.jar:/Users/danbar/.gradle/caches/modules-2/files-2.1/org.apache.tomcat.embed/tomcat-embed-core/10.1.34/f610f84be607fbc82e393cc220f0ad45f92afc91/tomcat-embed-core-10.1.34.jar:/Users/danbar/.gradle/caches/modules-2/files-2.1/org.apache.tomcat.embed/tomcat-embed-el/10.1.34/d2b2daca3bc999c62e58ae36b45ba0582530fb25/tomcat-embed-el-10.1.34.jar:/Users/danbar/.gradle/caches/modules-2/files-2.1/ch.qos.logback/logback-classic/1.5.12/3790d1a62e868f7915776dfb392bd9a29ce8d954/logback-classic-1.5.12.jar:/Users/danbar/.gradle/caches/modules-2/files-2.1/org.apache.logging.log4j/log4j-to-slf4j/2.24.3/da1143e2a2531ee1c2d90baa98eb50a28a39d5a7/log4j-to-slf4j-2.24.3.jar:/Users/danbar/.gradle/caches/modules-2/files-2.1/org.slf4j/jul-to-slf4j/2.0.11/279356f8e873b1a26badd8bbb3284b5c3b22c770/jul-to-slf4j-2.0.11.jar:/Users/danbar/.gradle/caches/modules-2/files-2.1/org.apiguardian/apiguardian-api/1.1.2/a231e0d844d2721b0fa1b238006d15c6ded6842a/apiguardian-api-1.1.2.jar:/Users/danbar/.gradle/caches/modules-2/files-2.1/org.junit.platform/junit-platform-commons/1.11.4/8898eea3ed0da2641548d602c3e308804f166303/junit-platform-commons-1.11.4.jar:/Users/danbar/.gradle/caches/modules-2/files-2.1/org.opentest4j/opentest4j/1.3.0/152ea56b3a72f655d4fd677fc0ef2596c3dd5e6e/opentest4j-1.3.0.jar:/Users/danbar/.gradle/caches/modules-2/files-2.1/com.helger.commons/ph-commons/11.1.8/2ea3145d99105842558676eac63269e957af9bef/ph-commons-11.1.8.jar:/Users/danbar/.gradle/caches/modules-2/files-2.1/org.apache.commons/commons-fileupload2-core/2.0.0-M1/6c262ddf7fb1c99c24a3fbea817065a9146c52c0/commons-fileupload2-core-2.0.0-M1.jar:/Users/danbar/.gradle/caches/modules-2/files-2.1/com.vaadin/vaadin-grid-flow/24.6.2/eb25146ae489e486297a5c0e3f060e72dab5141d/vaadin-grid-flow-24.6.2.jar:/Users/danbar/.gradle/caches/modules-2/files-2.1/com.vaadin/vaadin-menu-bar-flow/24.6.2/396ff07aa0f7279a4d4e3e7552406dc350adf5b/vaadin-menu-bar-flow-24.6.2.jar:/Users/danbar/.gradle/caches/modules-2/files-2.1/com.vaadin/vaadin-context-menu-flow/24.6.2/29600dfb288ac362b8ed47983a4fba20b9465d4e/vaadin-context-menu-flow-24.6.2.jar:/Users/danbar/.gradle/caches/modules-2/files-2.1/com.vaadin/vaadin-icons-flow/24.6.2/3ee07393cec102ea1c3b1677f9f7b574989a3b97/vaadin-icons-flow-24.6.2.jar:/Users/danbar/.gradle/caches/modules-2/files-2.1/com.vaadin/vaadin-avatar-flow/24.6.2/e18072d2b54b224ca253285fd894f4305edd1ea9/vaadin-avatar-flow-24.6.2.jar:/Users/danbar/.gradle/caches/modules-2/files-2.1/com.vaadin/vaadin-upload-flow/24.6.2/ac41183302e83180d78b44b161c76087aa5bbfc7/vaadin-upload-flow-24.6.2.jar:/Users/danbar/.gradle/caches/modules-2/files-2.1/com.vaadin/vaadin-app-layout-flow/24.6.2/4bd7b91572b50a42660fa375facd6832d2e9255e/vaadin-app-layout-flow-24.6.2.jar:/Users/danbar/.gradle/caches/modules-2/files-2.1/com.vaadin/vaadin-button-flow/24.6.2/7b37b60357fb1c33359439e1532a81c354670c5a/vaadin-button-flow-24.6.2.jar:/Users/danbar/.gradle/caches/modules-2/files-2.1/com.vaadin/vaadin-checkbox-flow/24.6.2/2d8bbbc798013beef1958f9dbdb4cb89898a79b7/vaadin-checkbox-flow-24.6.2.jar:/Users/danbar/.gradle/caches/modules-2/files-2.1/com.vaadin/vaadin-combo-box-flow/24.6.2/d6dcff0773258cf6b1f476208a26184e94e4f255/vaadin-combo-box-flow-24.6.2.jar:/Users/danbar/.gradle/caches/modules-2/files-2.1/com.vaadin/vaadin-confirm-dialog-flow/24.6.2/ff91399670fa83af34968aa2d23a62083a478e58/vaadin-confirm-dialog-flow-24.6.2.jar:/Users/danbar/.gradle/caches/modules-2/files-2.1/com.vaadin/vaadin-custom-field-flow/24.6.2/ba7bb5a1f6d2316e35c9108ee1ff48733d7b5d2c/vaadin-custom-field-flow-24.6.2.jar:/Users/danbar/.gradle/caches/modules-2/files-2.1/com.vaadin/vaadin-date-time-picker-flow/24.6.2/f16eb04696d78592677c153774ed5836099a4b69/vaadin-date-time-picker-flow-24.6.2.jar:/Users/danbar/.gradle/caches/modules-2/files-2.1/com.vaadin/vaadin-date-picker-flow/24.6.2/e3b4230fac17bfc6b95ce0265704f8e761ac1a2d/vaadin-date-picker-flow-24.6.2.jar:/Users/danbar/.gradle/caches/modules-2/files-2.1/com.vaadin/vaadin-accordion-flow/24.6.2/c6c6f44205e3c89ff749a33d4ecb3e2db134e04d/vaadin-accordion-flow-24.6.2.jar:/Users/danbar/.gradle/caches/modules-2/files-2.1/com.vaadin/vaadin-details-flow/24.6.2/37bca24b2904d9ce770729c0a368329bd251967c/vaadin-details-flow-24.6.2.jar:/Users/danbar/.gradle/caches/modules-2/files-2.1/com.vaadin/vaadin-time-picker-flow/24.6.2/233a1ecd52c1e3efc1eacf86fbf8b0a70f872a64/vaadin-time-picker-flow-24.6.2.jar:/Users/danbar/.gradle/caches/modules-2/files-2.1/com.vaadin/vaadin-select-flow/24.6.2/be68fecbd2449dd61f7c568b1aa28747981af840/vaadin-select-flow-24.6.2.jar:/Users/danbar/.gradle/caches/modules-2/files-2.1/com.vaadin/vaadin-side-nav-flow/24.6.2/4a8609fcaf3db42a3132785c94c65352684741ea/vaadin-side-nav-flow-24.6.2.jar:/Users/danbar/.gradle/caches/modules-2/files-2.1/com.vaadin/vaadin-dialog-flow/24.6.2/dc46b0d21a3f748f6e7b48c25771c6a8c0524b2d/vaadin-dialog-flow-24.6.2.jar:/Users/danbar/.gradle/caches/modules-2/files-2.1/com.vaadin/vaadin-form-layout-flow/24.6.2/2fc09a0c6ff4c833d11d103dc11daae7aea96285/vaadin-form-layout-flow-24.6.2.jar:/Users/danbar/.gradle/caches/modules-2/files-2.1/com.vaadin/vaadin-list-box-flow/24.6.2/44d4a56baf2e2476472cb251f4ebfa7c4d055952/vaadin-list-box-flow-24.6.2.jar:/Users/danbar/.gradle/caches/modules-2/files-2.1/com.vaadin/vaadin-login-flow/24.6.2/1cf3ff24da6b740d0e253cce82f45cfc8a85c843/vaadin-login-flow-24.6.2.jar:/Users/danbar/.gradle/caches/modules-2/files-2.1/com.vaadin/vaadin-messages-flow/24.6.2/2448d603cf20981357452047cfd0c11c456fd8f1/vaadin-messages-flow-24.6.2.jar:/Users/danbar/.gradle/caches/modules-2/files-2.1/com.vaadin/vaadin-ordered-layout-flow/24.6.2/a6bfc2a37108c02b34e17e22bee238a9164e72b/vaadin-ordered-layout-flow-24.6.2.jar:/Users/danbar/.gradle/caches/modules-2/files-2.1/com.vaadin/vaadin-progress-bar-flow/24.6.2/c5b0ac66451779297dd2d545086e8e25dfa83cea/vaadin-progress-bar-flow-24.6.2.jar:/Users/danbar/.gradle/caches/modules-2/files-2.1/com.vaadin/vaadin-popover-flow/24.6.2/830e2746f1c7b2dfa2a2938850fbadb085ee36e/vaadin-popover-flow-24.6.2.jar:/Users/danbar/.gradle/caches/modules-2/files-2.1/com.vaadin/vaadin-radio-button-flow/24.6.2/dee7763afa80544f5bda98743f4d8870f94b1234/vaadin-radio-button-flow-24.6.2.jar:/Users/danbar/.gradle/caches/modules-2/files-2.1/com.vaadin/vaadin-split-layout-flow/24.6.2/ac3cb863728d59ebe39032d8c6385bdd84f59b1d/vaadin-split-layout-flow-24.6.2.jar:/Users/danbar/.gradle/caches/modules-2/files-2.1/com.vaadin/vaadin-tabs-flow/24.6.2/3d7a9d60b13b4342b861015e0745e895ef6b94a1/vaadin-tabs-flow-24.6.2.jar:/Users/danbar/.gradle/caches/modules-2/files-2.1/com.vaadin/vaadin-text-field-flow/24.6.2/c6fb6ea50433c0ae9fede5424c93115088751464/vaadin-text-field-flow-24.6.2.jar:/Users/danbar/.gradle/caches/modules-2/files-2.1/com.vaadin/vaadin-notification-flow/24.6.2/be8dc9d78d2ee47e923b7a89658d671bd507121d/vaadin-notification-flow-24.6.2.jar:/Users/danbar/.gradle/caches/modules-2/files-2.1/com.vaadin/vaadin-field-highlighter-flow/24.6.2/50afb39322e3f48100df29f87352cc261b4d4508/vaadin-field-highlighter-flow-24.6.2.jar:/Users/danbar/.gradle/caches/modules-2/files-2.1/com.vaadin/vaadin-virtual-list-flow/24.6.2/dbf335fbf49cbc0150deaad09a2abb9572500571/vaadin-virtual-list-flow-24.6.2.jar:/Users/danbar/.gradle/caches/modules-2/files-2.1/com.vaadin/vaadin-renderer-flow/24.6.2/639f2ee5023f203aedfcce9299a9507e4b201ee7/vaadin-renderer-flow-24.6.2.jar:/Users/danbar/.gradle/caches/modules-2/files-2.1/com.vaadin/collaboration-engine/6.4.0/dcd584686520ae443f46b12f38f8928c3b5a8bb6/collaboration-engine-6.4.0.jar:/Users/danbar/.gradle/caches/modules-2/files-2.1/com.vaadin/license-checker/1.13.3/8453e19e8812dde7066bae28d30cf4c20112ba5c/license-checker-1.13.3.jar:/Users/danbar/.gradle/caches/modules-2/files-2.1/io.methvin/directory-watcher/0.18.0/516117adce1b3c41b2d7a086f38b2fb36cc9f2cf/directory-watcher-0.18.0.jar:/Users/danbar/.gradle/caches/modules-2/files-2.1/com.vaadin/open/8.5.0.4/b430b994850dbc7c2470918d19ce8d3a3e8c677c/open-8.5.0.4.jar:/Users/danbar/.gradle/caches/modules-2/files-2.1/com.github.javaparser/javaparser-core/3.26.2/795eca30f20fdc110d1a02a1f0e7ad207e17e7c1/javaparser-core-3.26.2.jar:/Users/danbar/.gradle/caches/modules-2/files-2.1/org.apache.commons/commons-configuration2/2.11.0/af5a2c6abe587074c0be1107fcb27fa2fad91304/commons-configuration2-2.11.0.jar:/Users/danbar/.gradle/caches/modules-2/files-2.1/io.netty/netty-all/4.1.116.Final/3f7be23fbbabfd2c920ef91bb65525850ffa2bb8/netty-all-4.1.116.Final.jar:/Users/danbar/.gradle/caches/modules-2/files-2.1/io.projectreactor.netty/reactor-netty/1.2.1/36e0a8c060a8c3e218cc3d910536a9db4f263122/reactor-netty-1.2.1.jar:/Users/danbar/.gradle/caches/modules-2/files-2.1/com.vaadin/ui-tests/1.1.1/9e1784398b8fd421a36428d3ecb3a8e84cb906d1/ui-tests-1.1.1.jar:/Users/danbar/.gradle/caches/modules-2/files-2.1/io.netty/netty-codec-socks/4.1.116.Final/6d67f4ad92677a29e7a5aae340cb33ea80408c72/netty-codec-socks-4.1.116.Final.jar:/Users/danbar/.gradle/caches/modules-2/files-2.1/io.netty/netty-resolver-dns-classes-macos/4.1.116.Final/216d4b543fb0e046ea819b2a39a5dd794fe9776f/netty-resolver-dns-classes-macos-4.1.116.Final.jar:/Users/danbar/.gradle/caches/modules-2/files-2.1/io.netty/netty-codec-dns/4.1.116.Final/6fa882dde3db7aecc7b7d4882f70f17d9e33b2ad/netty-codec-dns-4.1.116.Final.jar:/Users/danbar/.gradle/caches/modules-2/files-2.1/io.netty/netty-transport-classes-epoll/4.1.116.Final/ce620832453892a92be73f672cd79a36f8c60235/netty-transport-classes-epoll-4.1.116.Final.jar:/Users/danbar/.gradle/caches/modules-2/files-2.1/com.vaadin/hilla-parser-jvm-plugin-nonnull/24.6.2/23f5e4cada1c0b17fc23997a1437275ba7fe0b32/hilla-parser-jvm-plugin-nonnull-24.6.2.jar:/Users/danbar/.gradle/caches/modules-2/files-2.1/com.vaadin/hilla-parser-jvm-plugin-subtypes/24.6.2/686a541f49ed259d533ddec8a46b59b535faf4e9/hilla-parser-jvm-plugin-subtypes-24.6.2.jar:/Users/danbar/.gradle/caches/modules-2/files-2.1/com.vaadin/hilla-parser-jvm-plugin-model/24.6.2/46295e5261e86cd8e62baa3cf31807301217c92a/hilla-parser-jvm-plugin-model-24.6.2.jar:/Users/danbar/.gradle/caches/modules-2/files-2.1/com.vaadin/hilla-parser-jvm-plugin-transfertypes/24.6.2/e28310a3937de3a2067e235a62b96490d2e2e8c2/hilla-parser-jvm-plugin-transfertypes-24.6.2.jar:/Users/danbar/.gradle/caches/modules-2/files-2.1/com.vaadin/hilla-parser-jvm-plugin-backbone/24.6.2/98d49ab29dc6b4e1fd780241bef624ce3785aa52/hilla-parser-jvm-plugin-backbone-24.6.2.jar:/Users/danbar/.gradle/caches/modules-2/files-2.1/com.vaadin/hilla-parser-jvm-core/24.6.2/e1fe945de5a092d2fd979e7dae2e7ecd4edc60cd/hilla-parser-jvm-core-24.6.2.jar:/Users/danbar/.gradle/caches/modules-2/files-2.1/io.swagger.core.v3/swagger-core/2.2.26/248bbdb381cdcd38a9ece2b9218116bede97f38a/swagger-core-2.2.26.jar:/Users/danbar/.gradle/caches/modules-2/files-2.1/io.swagger.core.v3/swagger-models/2.2.26/669221edc1b8db081d50662ffe13f1e4b1772bd6/swagger-models-2.2.26.jar:/Users/danbar/.gradle/caches/modules-2/files-2.1/org.springframework.security/spring-security-crypto/6.4.2/a4d5bf27ca449200fc39e07de6ae016eb1ad21da/spring-security-crypto-6.4.2.jar:/Users/danbar/.gradle/caches/modules-2/files-2.1/org.reactivestreams/reactive-streams/1.0.4/3864a1320d97d7b045f729a326e1e077661f31b7/reactive-streams-1.0.4.jar:/Users/danbar/.gradle/caches/modules-2/files-2.1/io.micrometer/micrometer-commons/1.14.2/69c454dbec59c7842cf59a534b7ec03618d75b91/micrometer-commons-1.14.2.jar:/Users/danbar/.gradle/caches/modules-2/files-2.1/ch.qos.logback/logback-core/1.5.12/65b1fa25fe8d8e4bdc140e79eb67ac6741f775e2/logback-core-1.5.12.jar:/Users/danbar/.gradle/caches/modules-2/files-2.1/org.apache.logging.log4j/log4j-api/2.24.3/b02c125db8b6d295adf72ae6e71af5d83bce2370/log4j-api-2.24.3.jar:/Users/danbar/.gradle/caches/modules-2/files-2.1/com.vaadin/vaadin-flow-components-base/24.6.2/b5a55456cc819a30c1c469af53008ef9a1d7813e/vaadin-flow-components-base-24.6.2.jar:/Users/danbar/.gradle/caches/modules-2/files-2.1/com.github.oshi/oshi-core/6.6.5/e1099981fd15dc4236c4499d82aba1276fb43a9a/oshi-core-6.6.5.jar:/Users/danbar/.gradle/caches/modules-2/files-2.1/com.nimbusds/nimbus-jose-jwt/9.37.3/700f71ffefd60c16bd8ce711a956967ea9071cec/nimbus-jose-jwt-9.37.3.jar:/Users/danbar/.gradle/caches/modules-2/files-2.1/org.lucee/jcip-annotations/1.0.0/ae61631d04820071895117d5d549f4e4efd9e07f/jcip-annotations-1.0.0.jar:/Users/danbar/.gradle/caches/modules-2/files-2.1/org.apache.commons/commons-text/1.12.0/66aa90dc099701c4d3b14bd256c328f592ccf0d6/commons-text-1.12.0.jar:/Users/danbar/.gradle/caches/modules-2/files-2.1/io.netty/netty-codec-haproxy/4.1.116.Final/d4a98e7448431f94ceeb353765e147100daff3e9/netty-codec-haproxy-4.1.116.Final.jar:/Users/danbar/.gradle/caches/modules-2/files-2.1/io.netty/netty-codec-memcache/4.1.116.Final/3fbec8064d25642248b03dc739ef04f47fe5a7f2/netty-codec-memcache-4.1.116.Final.jar:/Users/danbar/.gradle/caches/modules-2/files-2.1/io.netty/netty-codec-mqtt/4.1.116.Final/a6b4288d425116090e43d8b2fe66bc68c80de295/netty-codec-mqtt-4.1.116.Final.jar:/Users/danbar/.gradle/caches/modules-2/files-2.1/io.netty/netty-codec-redis/4.1.116.Final/8d5eb61dfdcd65cac338a7013a43bc783998af07/netty-codec-redis-4.1.116.Final.jar:/Users/danbar/.gradle/caches/modules-2/files-2.1/io.netty/netty-codec-smtp/4.1.116.Final/49198d6d4fca20d7a52734bd07369898c1b52f26/netty-codec-smtp-4.1.116.Final.jar:/Users/danbar/.gradle/caches/modules-2/files-2.1/io.netty/netty-codec-stomp/4.1.116.Final/4b0d4386911a660173a8336f72e394caa015ad19/netty-codec-stomp-4.1.116.Final.jar:/Users/danbar/.gradle/caches/modules-2/files-2.1/io.netty/netty-codec-xml/4.1.116.Final/c153a5281bb9d20bd3db3d3d3f9d7fae5ebc8cd1/netty-codec-xml-4.1.116.Final.jar:/Users/danbar/.gradle/caches/modules-2/files-2.1/io.netty/netty-handler-ssl-ocsp/4.1.116.Final/1d2d2a5ca2b5dc4ab71db6d4a0ba8c7a46e9e4cd/netty-handler-ssl-ocsp-4.1.116.Final.jar:/Users/danbar/.gradle/caches/modules-2/files-2.1/io.netty/netty-transport-rxtx/4.1.116.Final/1ff1e986db1ec078305d4696c6c0e83b9998e23c/netty-transport-rxtx-4.1.116.Final.jar:/Users/danbar/.gradle/caches/modules-2/files-2.1/io.netty/netty-transport-sctp/4.1.116.Final/cbff557bdcac5ad4901263b394157d4f2c0898b7/netty-transport-sctp-4.1.116.Final.jar:/Users/danbar/.gradle/caches/modules-2/files-2.1/io.netty/netty-transport-udt/4.1.116.Final/1b961b9ace7752bc57fda1f27ad6d9a40e678437/netty-transport-udt-4.1.116.Final.jar:/Users/danbar/.gradle/caches/modules-2/files-2.1/io.netty/netty-transport-classes-kqueue/4.1.116.Final/12a664d6008cca14a3a87de2109a46f6aeafc48e/netty-transport-classes-kqueue-4.1.116.Final.jar:/Users/danbar/.gradle/caches/modules-2/files-2.1/io.projectreactor.netty/reactor-netty-http/1.2.1/5d5fb96ccd9daf98e0c0182da8724f006119cf44/reactor-netty-http-1.2.1.jar:/Users/danbar/.gradle/caches/modules-2/files-2.1/io.projectreactor.netty/reactor-netty-core/1.2.1/9c85dceb89ee078615ff02dd1a9afedbf3c1b14d/reactor-netty-core-1.2.1.jar:/Users/danbar/.gradle/caches/modules-2/files-2.1/io.github.classgraph/classgraph/4.8.179/f159dd8bbbf381c4006c1f675ec4e648c8317f32/classgraph-4.8.179.jar:/Users/danbar/.gradle/caches/modules-2/files-2.1/io.swagger.core.v3/swagger-annotations/2.2.26/4b4ff26ae7438f3957f970ba1948a39920e9140a/swagger-annotations-2.2.26.jar:/Users/danbar/.gradle/caches/modules-2/files-2.1/net.java.dev.jna/jna-platform/5.15.0/86b502cad57d45da172b5e3231c537b042e296ef/jna-platform-5.15.0.jar:/Users/danbar/.gradle/caches/modules-2/files-2.1/net.java.dev.jna/jna/5.15.0/1ee1d80ff44f08280188f7c0e740d57207841ac/jna-5.15.0.jar:/Users/danbar/.gradle/caches/modules-2/files-2.1/org.junit.platform/junit-platform-launcher/1.11.4/3d83c201899d8c5e74e1a5d628eab900342a0e48/junit-platform-launcher-1.11.4.jar:/Users/danbar/.gradle/caches/modules-2/files-2.1/io.grpc/grpc-netty-shaded/1.59.1/f21e58260856ccef71f1ab9315bfa9fd195e848e/grpc-netty-shaded-1.59.1.jar:/Users/danbar/.gradle/caches/modules-2/files-2.1/io.perfmark/perfmark-api/0.26.0/ef65452adaf20bf7d12ef55913aba24037b82738/perfmark-api-0.26.0.jar:/Users/danbar/.gradle/caches/modules-2/files-2.1/com.google.android/annotations/4.1.1.4/a1678ba907bf92691d879fef34e1a187038f9259/annotations-4.1.1.4.jar:/Users/danbar/.gradle/caches/modules-2/files-2.1/org.codehaus.mojo/animal-sniffer-annotations/1.23/3c0daebd5f0e1ce72cc50c818321ac957aeb5d70/animal-sniffer-annotations-1.23.jar:/Users/danbar/.gradle/caches/modules-2/files-2.1/io.grpc/grpc-googleapis/1.59.1/ac6d814c82834757e2d6d2e7f1f9224b8e537b18/grpc-googleapis-1.59.1.jar:/Users/danbar/.gradle/caches/modules-2/files-2.1/io.grpc/grpc-xds/1.59.1/1be071d7b6dd3a4b5300c6d29b9fed9f24e7b4f/grpc-xds-1.59.1.jar:/Users/danbar/.gradle/caches/modules-2/files-2.1/io.opencensus/opencensus-proto/0.2.0/c05b6b32b69d5d9144087ea0ebc6fab183fb9151/opencensus-proto-0.2.0.jar:/Users/danbar/.gradle/caches/modules-2/files-2.1/io.grpc/grpc-services/1.59.1/c40b642d33c9ada8451ca5701863ce8d6214e92/grpc-services-1.59.1.jar:/Users/danbar/.gradle/caches/modules-2/files-2.1/com.google.re2j/re2j/1.7/2949632c1b4acce0d7784f28e3152e9cf3c2ec7a/re2j-1.7.jar:/Users/danbar/.gradle/caches/modules-2/files-2.1/io.grpc/grpc-rls/1.59.1/6a79af589daa5d4af02a3cf22a31b2f09d9e402d/grpc-rls-1.59.1.jar:/Users/danbar/.gradle/caches/modules-2/files-2.1/io.grpc/grpc-util/1.59.1/1ab8cc9de5a85a97312903102d82f90fe2e18083/grpc-util-1.59.1.jar:/Users/danbar/.gradle/caches/modules-2/files-2.1/org.junit.platform/junit-platform-engine/1.11.4/21f61b123ad6ac8f7e73971bff3a096c8d8e1cd0/junit-platform-engine-1.11.4.jar:/Users/danbar/.gradle/caches/modules-2/files-2.1/org.junit.jupiter/junit-jupiter-engine/5.11.4/dc10ec209623986a68ea07f67cdc7d2a65a60355/junit-jupiter-engine-5.11.4.jar:/Users/danbar/.gradle/caches/modules-2/files-2.1/org.objenesis/objenesis/3.3/1049c09f1de4331e8193e579448d0916d75b7631/objenesis-3.3.jar:/Users/danbar/.gradle/caches/modules-2/files-2.1/io.netty/netty-transport-native-kqueue/4.1.116.Final/e9dab92cb8eca57321149a7424ad04c049ad16a8/netty-transport-native-kqueue-4.1.116.Final-osx-aarch_64.jar:/Users/danbar/.gradle/caches/modules-2/files-2.1/io.netty/netty-transport-native-kqueue/4.1.116.Final/8936655396c3aa687f8f68250b991ba25e79bf3c/netty-transport-native-kqueue-4.1.116.Final-osx-x86_64.jar:/Users/danbar/.gradle/caches/modules-2/files-2.1/io.projectreactor.netty.incubator/reactor-netty-incubator-quic/0.2.1/c34c609bd103007825029c1ceaa790421ad48920/reactor-netty-incubator-quic-0.2.1.jar:/Users/danbar/.gradle/caches/modules-2/files-2.1/io.netty.incubator/netty-incubator-codec-native-quic/0.0.68.Final/e73b44b4cd3c2a0347a530be443f23c55aea1bd/netty-incubator-codec-native-quic-0.0.68.Final-linux-x86_64.jar:/Users/danbar/.gradle/caches/modules-2/files-2.1/io.netty.incubator/netty-incubator-codec-classes-quic/0.0.68.Final/ec3772f7b04ab9fc566cf56696b8cf50e52bf9a8/netty-incubator-codec-classes-quic-0.0.68.Final.jar:/Applications/IntelliJ IDEA.app/Contents/lib/idea_rt.jar org.beanrunner.BeanRunnerTestApplication
